
Microsoft Visual Studio Solution File, Format Version 12.00
# Visual Studio for Mac
Project("{FAE04EC0-301F-11D3-BF4B-00C04F79EFBC}") = "ARShooter-Demo", "Assembly-CSharp.csproj", "{CF55A5A7-AF07-B04B-4ADD-6792933E1E0A}"
EndProject
Project("{FAE04EC0-301F-11D3-BF4B-00C04F79EFBC}") = "ARShooter-Demo", "Assembly-CSharp-Editor.csproj", "{1545A7D1-3905-0E56-7688-0CA690C33EF6}"
EndProject
Global
	GlobalSection(SolutionConfigurationPlatforms) = preSolution
		Debug|Any CPU = Debug|Any CPU
		Release|Any CPU = Release|Any CPU
	EndGlobalSection
	GlobalSection(ProjectConfigurationPlatforms) = postSolution
		{CF55A5A7-AF07-B04B-4ADD-6792933E1E0A}.Debug|Any CPU.ActiveCfg = Debug|Any CPU
		{CF55A5A7-AF07-B04B-4ADD-6792933E1E0A}.Debug|Any CPU.Build.0 = Debug|Any CPU
		{CF55A5A7-AF07-B04B-4ADD-6792933E1E0A}.Release|Any CPU.ActiveCfg = Release|Any CPU
		{CF55A5A7-AF07-B04B-4ADD-6792933E1E0A}.Release|Any CPU.Build.0 = Release|Any CPU
		{1545A7D1-3905-0E56-7688-0CA690C33EF6}.Debug|Any CPU.ActiveCfg = Debug|Any CPU
		{1545A7D1-3905-0E56-7688-0CA690C33EF6}.Debug|Any CPU.Build.0 = Debug|Any CPU
		{1545A7D1-3905-0E56-7688-0CA690C33EF6}.Release|Any CPU.ActiveCfg = Release|Any CPU
		{1545A7D1-3905-0E56-7688-0CA690C33EF6}.Release|Any CPU.Build.0 = Release|Any CPU
	EndGlobalSection
	GlobalSection(SolutionProperties) = preSolution
		HideSolutionNode = FALSE
	EndGlobalSection
EndGlobal
